// !$*UTF8*$!
{
	archiveVersion = 1;
	classes = {
	};
	objectVersion = 50;
	objects = {

/* Begin PBXBuildFile section */
		E509A3D122EEE339002E414C /* NestedScrollViewController.swift in Sources */ = {isa = PBXBuildFile; fileRef = E509A3D022EEE339002E414C /* NestedScrollViewController.swift */; };
		E509A3D322EEE590002E414C /* CustomTableView.swift in Sources */ = {isa = PBXBuildFile; fileRef = E509A3D222EEE590002E414C /* CustomTableView.swift */; };
		E5289AAB22F03AED0010198A /* ScrollViewController.swift in Sources */ = {isa = PBXBuildFile; fileRef = E5289AAA22F03AED0010198A /* ScrollViewController.swift */; };
		E528F28A22EAADD90007AFE4 /* AppDelegate.swift in Sources */ = {isa = PBXBuildFile; fileRef = E528F28922EAADD90007AFE4 /* AppDelegate.swift */; };
		E528F28C22EAADD90007AFE4 /* StickyViewController.swift in Sources */ = {isa = PBXBuildFile; fileRef = E528F28B22EAADD90007AFE4 /* StickyViewController.swift */; };
		E528F29122EAADDA0007AFE4 /* Assets.xcassets in Resources */ = {isa = PBXBuildFile; fileRef = E528F29022EAADDA0007AFE4 /* Assets.xcassets */; };
		E528F29422EAADDA0007AFE4 /* LaunchScreen.storyboard in Resources */ = {isa = PBXBuildFile; fileRef = E528F29222EAADDA0007AFE4 /* LaunchScreen.storyboard */; };
		E530AF7F22F2B8A700AB79A6 /* ExampleListViewController.swift in Sources */ = {isa = PBXBuildFile; fileRef = E530AF7E22F2B8A700AB79A6 /* ExampleListViewController.swift */; };
/* End PBXBuildFile section */

/* Begin PBXFileReference section */
		E509A3D022EEE339002E414C /* NestedScrollViewController.swift */ = {isa = PBXFileReference; lastKnownFileType = sourcecode.swift; path = NestedScrollViewController.swift; sourceTree = "<group>"; };
		E509A3D222EEE590002E414C /* CustomTableView.swift */ = {isa = PBXFileReference; lastKnownFileType = sourcecode.swift; path = CustomTableView.swift; sourceTree = "<group>"; };
		E5289AAA22F03AED0010198A /* ScrollViewController.swift */ = {isa = PBXFileReference; lastKnownFileType = sourcecode.swift; path = ScrollViewController.swift; sourceTree = "<group>"; };
		E528F28622EAADD90007AFE4 /* ScrollViewSession.app */ = {isa = PBXFileReference; explicitFileType = wrapper.application; includeInIndex = 0; path = ScrollViewSession.app; sourceTree = BUILT_PRODUCTS_DIR; };
		E528F28922EAADD90007AFE4 /* AppDelegate.swift */ = {isa = PBXFileReference; lastKnownFileType = sourcecode.swift; path = AppDelegate.swift; sourceTree = "<group>"; };
		E528F28B22EAADD90007AFE4 /* StickyViewController.swift */ = {isa = PBXFileReference; lastKnownFileType = sourcecode.swift; path = StickyViewController.swift; sourceTree = "<group>"; };
		E528F29022EAADDA0007AFE4 /* Assets.xcassets */ = {isa = PBXFileReference; lastKnownFileType = folder.assetcatalog; path = Assets.xcassets; sourceTree = "<group>"; };
		E528F29322EAADDA0007AFE4 /* Base */ = {isa = PBXFileReference; lastKnownFileType = file.storyboard; name = Base; path = Base.lproj/LaunchScreen.storyboard; sourceTree = "<group>"; };
		E528F29522EAADDA0007AFE4 /* Info.plist */ = {isa = PBXFileReference; lastKnownFileType = text.plist.xml; path = Info.plist; sourceTree = "<group>"; };
		E530AF7E22F2B8A700AB79A6 /* ExampleListViewController.swift */ = {isa = PBXFileReference; lastKnownFileType = sourcecode.swift; path = ExampleListViewController.swift; sourceTree = "<group>"; };
/* End PBXFileReference section */

/* Begin PBXFrameworksBuildPhase section */
		E528F28322EAADD90007AFE4 /* Frameworks */ = {
			isa = PBXFrameworksBuildPhase;
			buildActionMask = 2147483647;
			files = (
			);
			runOnlyForDeploymentPostprocessing = 0;
		};
/* End PBXFrameworksBuildPhase section */

/* Begin PBXGroup section */
		E528F27D22EAADD90007AFE4 = {
			isa = PBXGroup;
			children = (
				E528F28822EAADD90007AFE4 /* ScrollViewSession */,
				E528F28722EAADD90007AFE4 /* Products */,
			);
			sourceTree = "<group>";
		};
		E528F28722EAADD90007AFE4 /* Products */ = {
			isa = PBXGroup;
			children = (
				E528F28622EAADD90007AFE4 /* ScrollViewSession.app */,
			);
			name = Products;
			sourceTree = "<group>";
		};
		E528F28822EAADD90007AFE4 /* ScrollViewSession */ = {
			isa = PBXGroup;
			children = (
				E528F28922EAADD90007AFE4 /* AppDelegate.swift */,
				E530AF7E22F2B8A700AB79A6 /* ExampleListViewController.swift */,
				E5289AAA22F03AED0010198A /* ScrollViewController.swift */,
				E528F28B22EAADD90007AFE4 /* StickyViewController.swift */,
				E509A3D022EEE339002E414C /* NestedScrollViewController.swift */,
				E530AF8022F2BA8C00AB79A6 /* Helper */,
				E528F29022EAADDA0007AFE4 /* Assets.xcassets */,
				E528F29222EAADDA0007AFE4 /* LaunchScreen.storyboard */,
				E528F29522EAADDA0007AFE4 /* Info.plist */,
			);
			path = ScrollViewSession;
			sourceTree = "<group>";
		};
		E530AF8022F2BA8C00AB79A6 /* Helper */ = {
			isa = PBXGroup;
			children = (
				E509A3D222EEE590002E414C /* CustomTableView.swift */,
			);
			path = Helper;
			sourceTree = "<group>";
		};
/* End PBXGroup section */

/* Begin PBXNativeTarget section */
		E528F28522EAADD90007AFE4 /* ScrollViewSession */ = {
			isa = PBXNativeTarget;
			buildConfigurationList = E528F29822EAADDA0007AFE4 /* Build configuration list for PBXNativeTarget "ScrollViewSession" */;
			buildPhases = (
				E528F28222EAADD90007AFE4 /* Sources */,
				E528F28322EAADD90007AFE4 /* Frameworks */,
				E528F28422EAADD90007AFE4 /* Resources */,
			);
			buildRules = (
			);
			dependencies = (
			);
			name = ScrollViewSession;
			productName = ScrollViewSession;
			productReference = E528F28622EAADD90007AFE4 /* ScrollViewSession.app */;
			productType = "com.apple.product-type.application";
		};
/* End PBXNativeTarget section */

/* Begin PBXProject section */
		E528F27E22EAADD90007AFE4 /* Project object */ = {
			isa = PBXProject;
			attributes = {
				LastSwiftUpdateCheck = 1020;
				LastUpgradeCheck = 1020;
				ORGANIZATIONNAME = "Ambar Septian";
				TargetAttributes = {
					E528F28522EAADD90007AFE4 = {
						CreatedOnToolsVersion = 10.2.1;
					};
				};
			};
			buildConfigurationList = E528F28122EAADD90007AFE4 /* Build configuration list for PBXProject "ScrollViewSession" */;
			compatibilityVersion = "Xcode 9.3";
			developmentRegion = en;
			hasScannedForEncodings = 0;
			knownRegions = (
				en,
				Base,
			);
			mainGroup = E528F27D22EAADD90007AFE4;
			productRefGroup = E528F28722EAADD90007AFE4 /* Products */;
			projectDirPath = "";
			projectRoot = "";
			targets = (
				E528F28522EAADD90007AFE4 /* ScrollViewSession */,
			);
		};
/* End PBXProject section */

/* Begin PBXResourcesBuildPhase section */
		E528F28422EAADD90007AFE4 /* Resources */ = {
			isa = PBXResourcesBuildPhase;
			buildActionMask = 2147483647;
			files = (
				E528F29422EAADDA0007AFE4 /* LaunchScreen.storyboard in Resources */,
				E528F29122EAADDA0007AFE4 /* Assets.xcassets in Resources */,
			);
			runOnlyForDeploymentPostprocessing = 0;
		};
/* End PBXResourcesBuildPhase section */

/* Begin PBXSourcesBuildPhase section */
		E528F28222EAADD90007AFE4 /* Sources */ = {
			isa = PBXSourcesBuildPhase;
			buildActionMask = 2147483647;
			files = (
				E528F28C22EAADD90007AFE4 /* StickyViewController.swift in Sources */,
				E509A3D122EEE339002E414C /* NestedScrollViewController.swift in Sources */,
				E5289AAB22F03AED0010198A /* ScrollViewController.swift in Sources */,
				E530AF7F22F2B8A700AB79A6 /* ExampleListViewController.swift in Sources */,
				E528F28A22EAADD90007AFE4 /* AppDelegate.swift in Sources */,
				E509A3D322EEE590002E414C /* CustomTableView.swift in Sources */,
			);
			runOnlyForDeploymentPostprocessing = 0;
		};
/* End PBXSourcesBuildPhase section */

/* Begin PBXVariantGroup section */
		E528F29222EAADDA0007AFE4 /* LaunchScreen.storyboard */ = {
			isa = PBXVariantGroup;
			children = (
				E528F29322EAADDA0007AFE4 /* Base */,
			);
			name = LaunchScreen.storyboard;
			sourceTree = "<group>";
		};
/* End PBXVariantGroup section */

/* Begin XCBuildConfiguration section */
		E528F29622EAADDA0007AFE4 /* Debug */ = {
			isa = XCBuildConfiguration;
			buildSettings = {
				ALWAYS_SEARCH_USER_PATHS = NO;
				CLANG_ANALYZER_NONNULL = YES;
				CLANG_ANALYZER_NUMBER_OBJECT_CONVERSION = YES_AGGRESSIVE;
				CLANG_CXX_LANGUAGE_STANDARD = "gnu++14";
				CLANG_CXX_LIBRARY = "libc++";
				CLANG_ENABLE_MODULES = YES;
				CLANG_ENABLE_OBJC_ARC = YES;
				CLANG_ENABLE_OBJC_WEAK = YES;
				CLANG_WARN_BLOCK_CAPTURE_AUTORELEASING = YES;
				CLANG_WARN_BOOL_CONVERSION = YES;
				CLANG_WARN_COMMA = YES;
				CLANG_WARN_CONSTANT_CONVERSION = YES;
				CLANG_WARN_DEPRECATED_OBJC_IMPLEMENTATIONS = YES;
				CLANG_WARN_DIRECT_OBJC_ISA_USAGE = YES_ERROR;
				CLANG_WARN_DOCUMENTATION_COMMENTS = YES;
				CLANG_WARN_EMPTY_BODY = YES;
				CLANG_WARN_ENUM_CONVERSION = YES;
				CLANG_WARN_INFINITE_RECURSION = YES;
				CLANG_WARN_INT_CONVERSION = YES;
				CLANG_WARN_NON_LITERAL_NULL_CONVERSION = YES;
				CLANG_WARN_OBJC_IMPLICIT_RETAIN_SELF = YES;
				CLANG_WARN_OBJC_LITERAL_CONVERSION = YES;
				CLANG_WARN_OBJC_ROOT_CLASS = YES_ERROR;
				CLANG_WARN_RANGE_LOOP_ANALYSIS = YES;
				CLANG_WARN_STRICT_PROTOTYPES = YES;
				CLANG_WARN_SUSPICIOUS_MOVE = YES;
				CLANG_WARN_UNGUARDED_AVAILABILITY = YES_AGGRESSIVE;
				CLANG_WARN_UNREACHABLE_CODE = YES;
				CLANG_WARN__DUPLICATE_METHOD_MATCH = YES;
				CODE_SIGN_IDENTITY = "iPhone Developer";
				COPY_PHASE_STRIP = NO;
				DEBUG_INFORMATION_FORMAT = dwarf;
				ENABLE_STRICT_OBJC_MSGSEND = YES;
				ENABLE_TESTABILITY = YES;
				GCC_C_LANGUAGE_STANDARD = gnu11;
				GCC_DYNAMIC_NO_PIC = NO;
				GCC_NO_COMMON_BLOCKS = YES;
				GCC_OPTIMIZATION_LEVEL = 0;
				GCC_PREPROCESSOR_DEFINITIONS = (
					"DEBUG=1",
					"$(inherited)",
				);
				GCC_WARN_64_TO_32_BIT_CONVERSION = YES;
				GCC_WARN_ABOUT_RETURN_TYPE = YES_ERROR;
				GCC_WARN_UNDECLARED_SELECTOR = YES;
				GCC_WARN_UNINITIALIZED_AUTOS = YES_AGGRESSIVE;
				GCC_WARN_UNUSED_FUNCTION = YES;
				GCC_WARN_UNUSED_VARIABLE = YES;
				IPHONEOS_DEPLOYMENT_TARGET = 12.2;
				MTL_ENABLE_DEBUG_INFO = INCLUDE_SOURCE;
				MTL_FAST_MATH = YES;
				ONLY_ACTIVE_ARCH = YES;
				SDKROOT = iphoneos;
				SWIFT_ACTIVE_COMPILATION_CONDITIONS = DEBUG;
				SWIFT_OPTIMIZATION_LEVEL = "-Onone";
			};
			name = Debug;
		};
		E528F29722EAADDA0007AFE4 /* Release */ = {
			isa = XCBuildConfiguration;
			buildSettings = {
				ALWAYS_SEARCH_USER_PATHS = NO;
				CLANG_ANALYZER_NONNULL = YES;
				CLANG_ANALYZER_NUMBER_OBJECT_CONVERSION = YES_AGGRESSIVE;
				CLANG_CXX_LANGUAGE_STANDARD = "gnu++14";
				CLANG_CXX_LIBRARY = "libc++";
				CLANG_ENABLE_MODULES = YES;
				CLANG_ENABLE_OBJC_ARC = YES;
				CLANG_ENABLE_OBJC_WEAK = YES;
				CLANG_WARN_BLOCK_CAPTURE_AUTORELEASING = YES;
				CLANG_WARN_BOOL_CONVERSION = YES;
				CLANG_WARN_COMMA = YES;
				CLANG_WARN_CONSTANT_CONVERSION = YES;
				CLANG_WARN_DEPRECATED_OBJC_IMPLEMENTATIONS = YES;
				CLANG_WARN_DIRECT_OBJC_ISA_USAGE = YES_ERROR;
				CLANG_WARN_DOCUMENTATION_COMMENTS = YES;
				CLANG_WARN_EMPTY_BODY = YES;
				CLANG_WARN_ENUM_CONVERSION = YES;
				CLANG_WARN_INFINITE_RECURSION = YES;
				CLANG_WARN_INT_CONVERSION = YES;
				CLANG_WARN_NON_LITERAL_NULL_CONVERSION = YES;
				CLANG_WARN_OBJC_IMPLICIT_RETAIN_SELF = YES;
				CLANG_WARN_OBJC_LITERAL_CONVERSION = YES;
				CLANG_WARN_OBJC_ROOT_CLASS = YES_ERROR;
				CLANG_WARN_RANGE_LOOP_ANALYSIS = YES;
				CLANG_WARN_STRICT_PROTOTYPES = YES;
				CLANG_WARN_SUSPICIOUS_MOVE = YES;
				CLANG_WARN_UNGUARDED_AVAILABILITY = YES_AGGRESSIVE;
				CLANG_WARN_UNREACHABLE_CODE = YES;
				CLANG_WARN__DUPLICATE_METHOD_MATCH = YES;
				CODE_SIGN_IDENTITY = "iPhone Developer";
				COPY_PHASE_STRIP = NO;
				DEBUG_INFORMATION_FORMAT = "dwarf-with-dsym";
				ENABLE_NS_ASSERTIONS = NO;
				ENABLE_STRICT_OBJC_MSGSEND = YES;
				GCC_C_LANGUAGE_STANDARD = gnu11;
				GCC_NO_COMMON_BLOCKS = YES;
				GCC_WARN_64_TO_32_BIT_CONVERSION = YES;
				GCC_WARN_ABOUT_RETURN_TYPE = YES_ERROR;
				GCC_WARN_UNDECLARED_SELECTOR = YES;
				GCC_WARN_UNINITIALIZED_AUTOS = YES_AGGRESSIVE;
				GCC_WARN_UNUSED_FUNCTION = YES;
				GCC_WARN_UNUSED_VARIABLE = YES;
				IPHONEOS_DEPLOYMENT_TARGET = 12.2;
				MTL_ENABLE_DEBUG_INFO = NO;
				MTL_FAST_MATH = YES;
				SDKROOT = iphoneos;
				SWIFT_COMPILATION_MODE = wholemodule;
				SWIFT_OPTIMIZATION_LEVEL = "-O";
				VALIDATE_PRODUCT = YES;
			};
			name = Release;
		};
		E528F29922EAADDA0007AFE4 /* Debug */ = {
			isa = XCBuildConfiguration;
			buildSettings = {
				ASSETCATALOG_COMPILER_APPICON_NAME = AppIcon;
				CODE_SIGN_STYLE = Automatic;
				DEVELOPMENT_TEAM = 79D36Y5DN3;
				INFOPLIST_FILE = ScrollViewSession/Info.plist;
				IPHONEOS_DEPLOYMENT_TARGET = 12.0;
				LD_RUNPATH_SEARCH_PATHS = (
					"$(inherited)",
					"@executable_path/Frameworks",
				);
				PRODUCT_BUNDLE_IDENTIFIER = com.tokopedia.ScrollViewSession;
				PRODUCT_NAME = "$(TARGET_NAME)";
				SWIFT_VERSION = 5.0;
				TARGETED_DEVICE_FAMILY = "1,2";
			};
			name = Debug;
		};
		E528F29A22EAADDA0007AFE4 /* Release */ = {
			isa = XCBuildConfiguration;
			buildSettings = {
				ASSETCATALOG_COMPILER_APPICON_NAME = AppIcon;
				CODE_SIGN_STYLE = Automatic;
				DEVELOPMENT_TEAM = 79D36Y5DN3;
				INFOPLIST_FILE = ScrollViewSession/Info.plist;
				IPHONEOS_DEPLOYMENT_TARGET = 12.0;
				LD_RUNPATH_SEARCH_PATHS = (
					"$(inherited)",
					"@executable_path/Frameworks",
				);
				PRODUCT_BUNDLE_IDENTIFIER = com.tokopedia.ScrollViewSession;
				PRODUCT_NAME = "$(TARGET_NAME)";
				SWIFT_VERSION = 5.0;
				TARGETED_DEVICE_FAMILY = "1,2";
			};
			name = Release;
		};
/* End XCBuildConfiguration section */

/* Begin XCConfigurationList section */
		E528F28122EAADD90007AFE4 /* Build configuration list for PBXProject "ScrollViewSession" */ = {
			isa = XCConfigurationList;
			buildConfigurations = (
				E528F29622EAADDA0007AFE4 /* Debug */,
				E528F29722EAADDA0007AFE4 /* Release */,
			);
			defaultConfigurationIsVisible = 0;
			defaultConfigurationName = Release;
		};
		E528F29822EAADDA0007AFE4 /* Build configuration list for PBXNativeTarget "ScrollViewSession" */ = {
			isa = XCConfigurationList;
			buildConfigurations = (
				E528F29922EAADDA0007AFE4 /* Debug */,
				E528F29A22EAADDA0007AFE4 /* Release */,
			);
			defaultConfigurationIsVisible = 0;
			defaultConfigurationName = Release;
		};
/* End XCConfigurationList section */
	};
	rootObject = E528F27E22EAADD90007AFE4 /* Project object */;
}
